
Microsoft Visual Studio Solution File, Format Version 12.00
# Visual Studio Version 17
VisualStudioVersion = 17.8.34525.116
MinimumVisualStudioVersion = 10.0.40219.1
Project("{FAE04EC0-301F-11D3-BF4B-00C04F79EFBC}") = "Объединение в одну коллекцию", "Объединение в одну коллекцию\Объединение в одну коллекцию.csproj", "{07FF28E3-C3D4-4363-955B-13E8F3D5FBEF}"
EndProject
Global
	GlobalSection(SolutionConfigurationPlatforms) = preSolution
		Debug|Any CPU = Debug|Any CPU
		Release|Any CPU = Release|Any CPU
	EndGlobalSection
	GlobalSection(ProjectConfigurationPlatforms) = postSolution
		{07FF28E3-C3D4-4363-955B-13E8F3D5FBEF}.Debug|Any CPU.ActiveCfg = Debug|Any CPU
		{07FF28E3-C3D4-4363-955B-13E8F3D5FBEF}.Debug|Any CPU.Build.0 = Debug|Any CPU
		{07FF28E3-C3D4-4363-955B-13E8F3D5FBEF}.Release|Any CPU.ActiveCfg = Release|Any CPU
		{07FF28E3-C3D4-4363-955B-13E8F3D5FBEF}.Release|Any CPU.Build.0 = Release|Any CPU
	EndGlobalSection
	GlobalSection(SolutionProperties) = preSolution
		HideSolutionNode = FALSE
	EndGlobalSection
	GlobalSection(ExtensibilityGlobals) = postSolution
		SolutionGuid = {8E325BA0-4C58-439E-A191-5EDD87482120}
	EndGlobalSection
EndGlobal
